
Microsoft Visual Studio Solution File, Format Version 12.00
# Visual Studio Version 17
VisualStudioVersion = 17.4.33213.308
MinimumVisualStudioVersion = 10.0.40219.1
Project("{FAE04EC0-301F-11D3-BF4B-00C04F79EFBC}") = "Ness-customers-server", "Ness-customers-server\Ness-customers-server.csproj", "{28977175-4C77-486F-B19F-9C5AABA5B9DA}"
EndProject
Global
	GlobalSection(SolutionConfigurationPlatforms) = preSolution
		Debug|Any CPU = Debug|Any CPU
		Release|Any CPU = Release|Any CPU
	EndGlobalSection
	GlobalSection(ProjectConfigurationPlatforms) = postSolution
		{28977175-4C77-486F-B19F-9C5AABA5B9DA}.Debug|Any CPU.ActiveCfg = Debug|Any CPU
		{28977175-4C77-486F-B19F-9C5AABA5B9DA}.Debug|Any CPU.Build.0 = Debug|Any CPU
		{28977175-4C77-486F-B19F-9C5AABA5B9DA}.Release|Any CPU.ActiveCfg = Release|Any CPU
		{28977175-4C77-486F-B19F-9C5AABA5B9DA}.Release|Any CPU.Build.0 = Release|Any CPU
	EndGlobalSection
	GlobalSection(SolutionProperties) = preSolution
		HideSolutionNode = FALSE
	EndGlobalSection
	GlobalSection(ExtensibilityGlobals) = postSolution
		SolutionGuid = {891A766D-7D0D-425C-AD4D-8C6B32D1C9A9}
	EndGlobalSection
EndGlobal
